
Microsoft Visual Studio Solution File, Format Version 12.00
# Visual Studio Version 16
VisualStudioVersion = 16.0.30225.117
MinimumVisualStudioVersion = 10.0.40219.1
Project("{FAE04EC0-301F-11D3-BF4B-00C04F79EFBC}") = "Certification70-483", "Certification70-483\Certification70-483.csproj", "{F5128E4A-A57C-49B6-AC60-D2F3EB1A7A49}"
EndProject
Global
	GlobalSection(SolutionConfigurationPlatforms) = preSolution
		Debug|Any CPU = Debug|Any CPU
		Release|Any CPU = Release|Any CPU
	EndGlobalSection
	GlobalSection(ProjectConfigurationPlatforms) = postSolution
		{F5128E4A-A57C-49B6-AC60-D2F3EB1A7A49}.Debug|Any CPU.ActiveCfg = Debug|Any CPU
		{F5128E4A-A57C-49B6-AC60-D2F3EB1A7A49}.Debug|Any CPU.Build.0 = Debug|Any CPU
		{F5128E4A-A57C-49B6-AC60-D2F3EB1A7A49}.Release|Any CPU.ActiveCfg = Release|Any CPU
		{F5128E4A-A57C-49B6-AC60-D2F3EB1A7A49}.Release|Any CPU.Build.0 = Release|Any CPU
	EndGlobalSection
	GlobalSection(SolutionProperties) = preSolution
		HideSolutionNode = FALSE
	EndGlobalSection
	GlobalSection(ExtensibilityGlobals) = postSolution
		SolutionGuid = {7A8BA733-7F92-41C8-8783-BFE955B0C72C}
	EndGlobalSection
EndGlobal
